
Microsoft Visual Studio Solution File, Format Version 12.00
# Visual Studio 15
VisualStudioVersion = 15.0.28307.421
MinimumVisualStudioVersion = 10.0.40219.1
Project("{FAE04EC0-301F-11D3-BF4B-00C04F79EFBC}") = "AreaNutricion", "AreaNutricion\AreaNutricion.csproj", "{4C13FD6A-8EED-4845-A3F3-CA38C8141066}"
EndProject
Global
	GlobalSection(SolutionConfigurationPlatforms) = preSolution
		Debug|Any CPU = Debug|Any CPU
		Release|Any CPU = Release|Any CPU
	EndGlobalSection
	GlobalSection(ProjectConfigurationPlatforms) = postSolution
		{4C13FD6A-8EED-4845-A3F3-CA38C8141066}.Debug|Any CPU.ActiveCfg = Debug|Any CPU
		{4C13FD6A-8EED-4845-A3F3-CA38C8141066}.Debug|Any CPU.Build.0 = Debug|Any CPU
		{4C13FD6A-8EED-4845-A3F3-CA38C8141066}.Release|Any CPU.ActiveCfg = Release|Any CPU
		{4C13FD6A-8EED-4845-A3F3-CA38C8141066}.Release|Any CPU.Build.0 = Release|Any CPU
	EndGlobalSection
	GlobalSection(SolutionProperties) = preSolution
		HideSolutionNode = FALSE
	EndGlobalSection
	GlobalSection(ExtensibilityGlobals) = postSolution
		SolutionGuid = {342A1616-F78B-4AA9-94ED-47AB1D8B9C04}
	EndGlobalSection
EndGlobal
